
Microsoft Visual Studio Solution File, Format Version 12.00
# Visual Studio 14
VisualStudioVersion = 14.0.25123.0
MinimumVisualStudioVersion = 10.0.40219.1
Project("{8BB2217D-0F2D-49D1-97BC-3654ED321F3B}") = "Trade MVC6", "Trade MVC6\Trade MVC6.xproj", "{401E661B-C63C-4BE7-A263-731EC3B83E70}"
	ProjectSection(ProjectDependencies) = postProject
		{1109309C-6B1F-40FC-BD86-F50A2FA0294D} = {1109309C-6B1F-40FC-BD86-F50A2FA0294D}
	EndProjectSection
EndProject
Project("{2150E333-8FDC-42A3-9474-1A3956D46DE8}") = "DAL", "DAL", "{2FBF4F9A-DA2B-4B51-AAD9-A4DF77567BBA}"
EndProject
Project("{2150E333-8FDC-42A3-9474-1A3956D46DE8}") = "BLL", "BLL", "{ECF40765-0E17-4E00-AF2E-61993BC11940}"
EndProject
Project("{8BB2217D-0F2D-49D1-97BC-3654ED321F3B}") = "TotlerRepository", "libs\TotlerRepository\TotlerRepository.xproj", "{90342D7B-831D-47A2-97A0-F353EB6C0CA6}"
EndProject
Project("{8BB2217D-0F2D-49D1-97BC-3654ED321F3B}") = "TotlerDb.DAL", "libs\TotlerDb.DAL\TotlerDb.DAL.xproj", "{1109309C-6B1F-40FC-BD86-F50A2FA0294D}"
EndProject
Project("{8BB2217D-0F2D-49D1-97BC-3654ED321F3B}") = "Totler1C.DAL", "libs\Totler1C.DAL\Totler1C.DAL.xproj", "{0215794F-5F12-48DA-AB4D-4F09D5341303}"
EndProject
Project("{8BB2217D-0F2D-49D1-97BC-3654ED321F3B}") = "TotlerCore.BLL", "libs\TotlerCore.BLL\TotlerCore.BLL.xproj", "{190539A5-9F1A-4010-9AD3-BEB3C63BBD1D}"
EndProject
Project("{8BB2217D-0F2D-49D1-97BC-3654ED321F3B}") = "Totler1C.BLL", "libs\Totler1C.BLL\Totler1C.BLL.xproj", "{46632F61-30ED-41F7-A6FC-C8B9DF1AF08E}"
EndProject
Global
	GlobalSection(SolutionConfigurationPlatforms) = preSolution
		Debug|Any CPU = Debug|Any CPU
		Release|Any CPU = Release|Any CPU
	EndGlobalSection
	GlobalSection(ProjectConfigurationPlatforms) = postSolution
		{401E661B-C63C-4BE7-A263-731EC3B83E70}.Debug|Any CPU.ActiveCfg = Debug|Any CPU
		{401E661B-C63C-4BE7-A263-731EC3B83E70}.Debug|Any CPU.Build.0 = Debug|Any CPU
		{401E661B-C63C-4BE7-A263-731EC3B83E70}.Release|Any CPU.ActiveCfg = Release|Any CPU
		{401E661B-C63C-4BE7-A263-731EC3B83E70}.Release|Any CPU.Build.0 = Release|Any CPU
		{90342D7B-831D-47A2-97A0-F353EB6C0CA6}.Debug|Any CPU.ActiveCfg = Debug|Any CPU
		{90342D7B-831D-47A2-97A0-F353EB6C0CA6}.Debug|Any CPU.Build.0 = Debug|Any CPU
		{90342D7B-831D-47A2-97A0-F353EB6C0CA6}.Release|Any CPU.ActiveCfg = Release|Any CPU
		{90342D7B-831D-47A2-97A0-F353EB6C0CA6}.Release|Any CPU.Build.0 = Release|Any CPU
		{1109309C-6B1F-40FC-BD86-F50A2FA0294D}.Debug|Any CPU.ActiveCfg = Debug|Any CPU
		{1109309C-6B1F-40FC-BD86-F50A2FA0294D}.Debug|Any CPU.Build.0 = Debug|Any CPU
		{1109309C-6B1F-40FC-BD86-F50A2FA0294D}.Release|Any CPU.ActiveCfg = Release|Any CPU
		{1109309C-6B1F-40FC-BD86-F50A2FA0294D}.Release|Any CPU.Build.0 = Release|Any CPU
		{0215794F-5F12-48DA-AB4D-4F09D5341303}.Debug|Any CPU.ActiveCfg = Debug|Any CPU
		{0215794F-5F12-48DA-AB4D-4F09D5341303}.Debug|Any CPU.Build.0 = Debug|Any CPU
		{0215794F-5F12-48DA-AB4D-4F09D5341303}.Release|Any CPU.ActiveCfg = Release|Any CPU
		{0215794F-5F12-48DA-AB4D-4F09D5341303}.Release|Any CPU.Build.0 = Release|Any CPU
		{190539A5-9F1A-4010-9AD3-BEB3C63BBD1D}.Debug|Any CPU.ActiveCfg = Debug|Any CPU
		{190539A5-9F1A-4010-9AD3-BEB3C63BBD1D}.Debug|Any CPU.Build.0 = Debug|Any CPU
		{190539A5-9F1A-4010-9AD3-BEB3C63BBD1D}.Release|Any CPU.ActiveCfg = Release|Any CPU
		{190539A5-9F1A-4010-9AD3-BEB3C63BBD1D}.Release|Any CPU.Build.0 = Release|Any CPU
		{46632F61-30ED-41F7-A6FC-C8B9DF1AF08E}.Debug|Any CPU.ActiveCfg = Debug|Any CPU
		{46632F61-30ED-41F7-A6FC-C8B9DF1AF08E}.Debug|Any CPU.Build.0 = Debug|Any CPU
		{46632F61-30ED-41F7-A6FC-C8B9DF1AF08E}.Debug|Any CPU.Deploy.0 = Debug|Any CPU
		{46632F61-30ED-41F7-A6FC-C8B9DF1AF08E}.Release|Any CPU.ActiveCfg = Release|Any CPU
		{46632F61-30ED-41F7-A6FC-C8B9DF1AF08E}.Release|Any CPU.Build.0 = Release|Any CPU
	EndGlobalSection
	GlobalSection(SolutionProperties) = preSolution
		HideSolutionNode = FALSE
	EndGlobalSection
	GlobalSection(NestedProjects) = preSolution
		{90342D7B-831D-47A2-97A0-F353EB6C0CA6} = {2FBF4F9A-DA2B-4B51-AAD9-A4DF77567BBA}
		{1109309C-6B1F-40FC-BD86-F50A2FA0294D} = {2FBF4F9A-DA2B-4B51-AAD9-A4DF77567BBA}
		{0215794F-5F12-48DA-AB4D-4F09D5341303} = {2FBF4F9A-DA2B-4B51-AAD9-A4DF77567BBA}
		{190539A5-9F1A-4010-9AD3-BEB3C63BBD1D} = {ECF40765-0E17-4E00-AF2E-61993BC11940}
		{46632F61-30ED-41F7-A6FC-C8B9DF1AF08E} = {ECF40765-0E17-4E00-AF2E-61993BC11940}
	EndGlobalSection
EndGlobal
